{
  "name": "personal-toolset",
  "version": "1.0.0",
  "lockfileVersion": 3,
  "requires": true,
  "packages": {
    "": {
      "name": "personal-toolset",
      "version": "1.0.0",
      "license": "ISC",
      "bin": {
        "freelancer-cli": "tools/freelancer/cli.js",
        "gcalendar-cli": "tools/gcalendar/cli.js",
        "gdrive-cli": "tools/gdrive/cli.js",
        "gmail-cli": "tools/gmail/cli.js",
        "linkedin-cli": "tools/linkedin/cli.js",
        "notion-cli": "tools/notion/cli.js",
        "outlook-cli": "tools/outlook/cli.js",
        "upwork-cli": "tools/upwork/cli.js"
      }
    }
  }
}
