{
  "name": "personal-toolset",
  "version": "1.0.0",
  "lockfileVersion": 3,
  "requires": true,
  "packages": {
    "": {
      "name": "personal-toolset",
      "version": "1.0.0",
      "license": "ISC",
      "bin": {
        "gcalendar-cli": "tools/gcalendar/cli.js",
        "gmail-cli": "tools/gmail/cli.js",
        "upwork-cli": "tools/upwork/cli.js"
      }
    }
  }
}
